<?xml version="1.0" encoding="utf-8"?>
<Project ToolsVersion="4.0" xmlns="http://schemas.microsoft.com/developer/msbuild/2003">
  <ItemGroup>
    <Filter Include="Source Files">
      <UniqueIdentifier>{908c49d2-6570-4a9a-bf16-5aa1a66f8b1b}</UniqueIdentifier>
      <Extensions>cpp;c;cxx;rc;def;r;odl;hpj;bat;for;f90</Extensions>
    </Filter>
    <Filter Include="Header Files">
      <UniqueIdentifier>{9f2f1e43-67c0-44d2-a828-e15613f33cc9}</UniqueIdentifier>
      <Extensions>h;hpp;hxx;hm;inl;fi;fd</Extensions>
    </Filter>
    <Filter Include="Resource Files">
      <UniqueIdentifier>{8c0093db-7637-4309-a037-4a2e32bb3852}</UniqueIdentifier>
      <Extensions>ico;cur;bmp;dlg;rc2;rct;bin;cnt;rtf;gif;jpg;jpeg;jpe</Extensions>
    </Filter>
    <Filter Include="zlib">
      <UniqueIdentifier>{7f401cde-2b42-499c-abd3-2d0d94f6abfe}</UniqueIdentifier>
    </Filter>
    <Filter Include="Humblenet">
      <UniqueIdentifier>{a8f809b6-6bed-4824-af60-c33c49fde37e}</UniqueIdentifier>
    </Filter>
    <Filter Include="ref_gl">
      <UniqueIdentifier>{3c5e9cd0-eef3-40cc-8b4d-605eb901c0c7}</UniqueIdentifier>
    </Filter>
    <Filter Include="libpng">
      <UniqueIdentifier>{eeb01906-5fb9-4a6d-80a2-5103c3d1ec51}</UniqueIdentifier>
    </Filter>
    <Filter Include="webrtc">
      <UniqueIdentifier>{2a112996-3daa-4f7a-b232-fbc280647ffa}</UniqueIdentifier>
    </Filter>
  </ItemGroup>
  <ItemGroup>
    <ClCompile Include="win32\cd_win.c">
      <Filter>Source Files</Filter>
    </ClCompile>
    <ClCompile Include="client\cl_cin.c">
      <Filter>Source Files</Filter>
    </ClCompile>
    <ClCompile Include="client\cl_dll.c">
      <Filter>Source Files</Filter>
    </ClCompile>
    <ClCompile Include="client\cl_ents.c">
      <Filter>Source Files</Filter>
    </ClCompile>
    <ClCompile Include="client\cl_fx.c">
      <Filter>Source Files</Filter>
    </ClCompile>
    <ClCompile Include="client\cl_input.c">
      <Filter>Source Files</Filter>
    </ClCompile>
    <ClCompile Include="client\cl_inv.c">
      <Filter>Source Files</Filter>
    </ClCompile>
    <ClCompile Include="client\cl_main.c">
      <Filter>Source Files</Filter>
    </ClCompile>
    <ClCompile Include="client\cl_newfx.c">
      <Filter>Source Files</Filter>
    </ClCompile>
    <ClCompile Include="client\cl_parse.c">
      <Filter>Source Files</Filter>
    </ClCompile>
    <ClCompile Include="client\cl_pred.c">
      <Filter>Source Files</Filter>
    </ClCompile>
    <ClCompile Include="client\cl_scrn.c">
      <Filter>Source Files</Filter>
    </ClCompile>
    <ClCompile Include="client\cl_tent.c">
      <Filter>Source Files</Filter>
    </ClCompile>
    <ClCompile Include="client\cl_view.c">
      <Filter>Source Files</Filter>
    </ClCompile>
    <ClCompile Include="qcommon\cmd.c">
      <Filter>Source Files</Filter>
    </ClCompile>
    <ClCompile Include="qcommon\cmodel.c">
      <Filter>Source Files</Filter>
    </ClCompile>
    <ClCompile Include="qcommon\common.c">
      <Filter>Source Files</Filter>
    </ClCompile>
    <ClCompile Include="win32\conproc.c">
      <Filter>Source Files</Filter>
    </ClCompile>
    <ClCompile Include="client\console.c">
      <Filter>Source Files</Filter>
    </ClCompile>
    <ClCompile Include="qcommon\crc.c">
      <Filter>Source Files</Filter>
    </ClCompile>
    <ClCompile Include="qcommon\cvar.c">
      <Filter>Source Files</Filter>
    </ClCompile>
    <ClCompile Include="qcommon\files.c">
      <Filter>Source Files</Filter>
    </ClCompile>
    <ClCompile Include="win32\in_win.c">
      <Filter>Source Files</Filter>
    </ClCompile>
    <ClCompile Include="client\keys.c">
      <Filter>Source Files</Filter>
    </ClCompile>
    <ClCompile Include="client\le_physics.c">
      <Filter>Source Files</Filter>
    </ClCompile>
    <ClCompile Include="client\le_util.c">
      <Filter>Source Files</Filter>
    </ClCompile>
    <ClCompile Include="game\m_flash.c">
      <Filter>Source Files</Filter>
    </ClCompile>
    <ClCompile Include="qcommon\md4.c">
      <Filter>Source Files</Filter>
    </ClCompile>
    <ClCompile Include="client\menu.c">
      <Filter>Source Files</Filter>
    </ClCompile>
    <ClCompile Include="qcommon\mersennetwister.c">
      <Filter>Source Files</Filter>
    </ClCompile>
    <ClCompile Include="qcommon\net_chan.c">
      <Filter>Source Files</Filter>
    </ClCompile>
    <ClCompile Include="win32\net_wins.c">
      <Filter>Source Files</Filter>
    </ClCompile>
    <ClCompile Include="qcommon\pmove.c">
      <Filter>Source Files</Filter>
    </ClCompile>
    <ClCompile Include="game\q_shared.c">
      <Filter>Source Files</Filter>
    </ClCompile>
    <ClCompile Include="win32\q_shwin.c">
      <Filter>Source Files</Filter>
    </ClCompile>
    <ClCompile Include="client\qmenu.c">
      <Filter>Source Files</Filter>
    </ClCompile>
    <ClCompile Include="qcommon\redblack.c">
      <Filter>Source Files</Filter>
    </ClCompile>
    <ClCompile Include="client\snd_dma.c">
      <Filter>Source Files</Filter>
    </ClCompile>
    <ClCompile Include="client\snd_mem.c">
      <Filter>Source Files</Filter>
    </ClCompile>
    <ClCompile Include="client\snd_mix.c">
      <Filter>Source Files</Filter>
    </ClCompile>
    <ClCompile Include="win32\snd_win.c">
      <Filter>Source Files</Filter>
    </ClCompile>
    <ClCompile Include="server\sv_ccmds.c">
      <Filter>Source Files</Filter>
    </ClCompile>
    <ClCompile Include="server\sv_ents.c">
      <Filter>Source Files</Filter>
    </ClCompile>
    <ClCompile Include="server\sv_game.c">
      <Filter>Source Files</Filter>
    </ClCompile>
    <ClCompile Include="server\sv_init.c">
      <Filter>Source Files</Filter>
    </ClCompile>
    <ClCompile Include="server\sv_main.c">
      <Filter>Source Files</Filter>
    </ClCompile>
    <ClCompile Include="server\sv_send.c">
      <Filter>Source Files</Filter>
    </ClCompile>
    <ClCompile Include="server\sv_user.c">
      <Filter>Source Files</Filter>
    </ClCompile>
    <ClCompile Include="server\sv_world.c">
      <Filter>Source Files</Filter>
    </ClCompile>
    <ClCompile Include="win32\sys_win.c">
      <Filter>Source Files</Filter>
    </ClCompile>
    <ClCompile Include="client\vid_menu.c">
      <Filter>Source Files</Filter>
    </ClCompile>
    <ClCompile Include="qcommon\net_humblenet.cpp">
      <Filter>Source Files</Filter>
    </ClCompile>
    <ClCompile Include="foreign\zlib\adler32.c">
      <Filter>zlib</Filter>
    </ClCompile>
    <ClCompile Include="foreign\zlib\crc32.c">
      <Filter>zlib</Filter>
    </ClCompile>
    <ClCompile Include="foreign\zlib\deflate.c">
      <Filter>zlib</Filter>
    </ClCompile>
    <ClCompile Include="foreign\zlib\inffast.c">
      <Filter>zlib</Filter>
    </ClCompile>
    <ClCompile Include="foreign\zlib\inflate.c">
      <Filter>zlib</Filter>
    </ClCompile>
    <ClCompile Include="foreign\zlib\inftrees.c">
      <Filter>zlib</Filter>
    </ClCompile>
    <ClCompile Include="foreign\zlib\trees.c">
      <Filter>zlib</Filter>
    </ClCompile>
    <ClCompile Include="foreign\zlib\zutil.c">
      <Filter>zlib</Filter>
    </ClCompile>
    <ClCompile Include="qcommon\unzip.c">
      <Filter>Source Files</Filter>
    </ClCompile>
    <ClCompile Include="server\q2ded.c">
      <Filter>Source Files</Filter>
    </ClCompile>
    <ClCompile Include="foreign\zlib\gzclose.c">
      <Filter>zlib</Filter>
    </ClCompile>
    <ClCompile Include="foreign\zlib\gzread.c">
      <Filter>zlib</Filter>
    </ClCompile>
    <ClCompile Include="foreign\zlib\gzwrite.c">
      <Filter>zlib</Filter>
    </ClCompile>
    <ClCompile Include="foreign\zlib\gzlib.c">
      <Filter>zlib</Filter>
    </ClCompile>
    <ClCompile Include="qcommon\ioapi.c">
      <Filter>Source Files</Filter>
    </ClCompile>
    <ClCompile Include="foreign\humblenet\humblenet_native.cpp">
      <Filter>Humblenet</Filter>
    </ClCompile>
    <ClCompile Include="foreign\humblenet\humblepeer.cpp">
      <Filter>Humblenet</Filter>
    </ClCompile>
    <ClCompile Include="linux\al_linux.c">
      <Filter>Source Files</Filter>
    </ClCompile>
    <ClCompile Include="linux\qal_linux.c">
      <Filter>Source Files</Filter>
    </ClCompile>
    <ClCompile Include="ref_gl\gl_draw.c">
      <Filter>ref_gl</Filter>
    </ClCompile>
    <ClCompile Include="ref_gl\gl_image.c">
      <Filter>ref_gl</Filter>
    </ClCompile>
    <ClCompile Include="ref_gl\gl_light.c">
      <Filter>ref_gl</Filter>
    </ClCompile>
    <ClCompile Include="ref_gl\gl_mesh.c">
      <Filter>ref_gl</Filter>
    </ClCompile>
    <ClCompile Include="ref_gl\gl_model.c">
      <Filter>ref_gl</Filter>
    </ClCompile>
    <ClCompile Include="ref_gl\gl_rmain.c">
      <Filter>ref_gl</Filter>
    </ClCompile>
    <ClCompile Include="ref_gl\gl_rmisc.c">
      <Filter>ref_gl</Filter>
    </ClCompile>
    <ClCompile Include="ref_gl\gl_rsurf.c">
      <Filter>ref_gl</Filter>
    </ClCompile>
    <ClCompile Include="ref_gl\gl_warp.c">
      <Filter>ref_gl</Filter>
    </ClCompile>
    <ClCompile Include="ref_gl\qgl_linux.c">
      <Filter>ref_gl</Filter>
    </ClCompile>
    <ClCompile Include="foreign\libpng\png.c">
      <Filter>libpng</Filter>
    </ClCompile>
    <ClCompile Include="foreign\libpng\pngerror.c">
      <Filter>libpng</Filter>
    </ClCompile>
    <ClCompile Include="foreign\libpng\pngget.c">
      <Filter>libpng</Filter>
    </ClCompile>
    <ClCompile Include="foreign\libpng\pngmem.c">
      <Filter>libpng</Filter>
    </ClCompile>
    <ClCompile Include="foreign\libpng\pngpread.c">
      <Filter>libpng</Filter>
    </ClCompile>
    <ClCompile Include="foreign\libpng\pngrio.c">
      <Filter>libpng</Filter>
    </ClCompile>
    <ClCompile Include="foreign\libpng\pngrtran.c">
      <Filter>libpng</Filter>
    </ClCompile>
    <ClCompile Include="foreign\libpng\pngrutil.c">
      <Filter>libpng</Filter>
    </ClCompile>
    <ClCompile Include="foreign\libpng\pngset.c">
      <Filter>libpng</Filter>
    </ClCompile>
    <ClCompile Include="foreign\libpng\pngtrans.c">
      <Filter>libpng</Filter>
    </ClCompile>
    <ClCompile Include="linux\vid_so.c">
      <Filter>Source Files</Filter>
    </ClCompile>
    <ClCompile Include="foreign\glew\src\glew.c">
      <Filter>ref_gl</Filter>
    </ClCompile>
    <ClCompile Include="foreign\humblenet\webrtc\core\utils.c">
      <Filter>webrtc</Filter>
    </ClCompile>
    <ClCompile Include="foreign\humblenet\webrtc\Microstack\ILibAsyncServerSocket.c">
      <Filter>webrtc</Filter>
    </ClCompile>
    <ClCompile Include="foreign\humblenet\webrtc\Microstack\ILibAsyncSocket.c">
      <Filter>webrtc</Filter>
    </ClCompile>
    <ClCompile Include="foreign\humblenet\webrtc\Microstack\ILibAsyncUDPSocket.c">
      <Filter>webrtc</Filter>
    </ClCompile>
    <ClCompile Include="foreign\humblenet\webrtc\Microstack\ILibParsers.c">
      <Filter>webrtc</Filter>
    </ClCompile>
    <ClCompile Include="foreign\humblenet\webrtc\Microstack\ILibWebClient.c">
      <Filter>webrtc</Filter>
    </ClCompile>
    <ClCompile Include="foreign\humblenet\webrtc\Microstack\ILibWebRTC.c">
      <Filter>webrtc</Filter>
    </ClCompile>
    <ClCompile Include="foreign\humblenet\webrtc\Microstack\ILibWebServer.c">
      <Filter>webrtc</Filter>
    </ClCompile>
    <ClCompile Include="foreign\humblenet\webrtc\Microstack\ILibWrapperWebRTC.c">
      <Filter>webrtc</Filter>
    </ClCompile>
  </ItemGroup>
  <ItemGroup>
    <ClInclude Include="client\anorms.h">
      <Filter>Header Files</Filter>
    </ClInclude>
    <ClInclude Include="qcommon\bspfile.h">
      <Filter>Header Files</Filter>
    </ClInclude>
    <ClInclude Include="client\cdaudio.h">
      <Filter>Header Files</Filter>
    </ClInclude>
    <ClInclude Include="client\client.h">
      <Filter>Header Files</Filter>
    </ClInclude>
    <ClInclude Include="win32\conproc.h">
      <Filter>Header Files</Filter>
    </ClInclude>
    <ClInclude Include="client\console.h">
      <Filter>Header Files</Filter>
    </ClInclude>
    <ClInclude Include="game\game.h">
      <Filter>Header Files</Filter>
    </ClInclude>
    <ClInclude Include="client\input.h">
      <Filter>Header Files</Filter>
    </ClInclude>
    <ClInclude Include="client\keys.h">
      <Filter>Header Files</Filter>
    </ClInclude>
    <ClInclude Include="game\q_shared.h">
      <Filter>Header Files</Filter>
    </ClInclude>
    <ClInclude Include="qcommon\qcommon.h">
      <Filter>Header Files</Filter>
    </ClInclude>
    <ClInclude Include="qcommon\qfiles.h">
      <Filter>Header Files</Filter>
    </ClInclude>
    <ClInclude Include="client\qmenu.h">
      <Filter>Header Files</Filter>
    </ClInclude>
    <ClInclude Include="client\ref.h">
      <Filter>Header Files</Filter>
    </ClInclude>
    <ClInclude Include="client\screen.h">
      <Filter>Header Files</Filter>
    </ClInclude>
    <ClInclude Include="server\server.h">
      <Filter>Header Files</Filter>
    </ClInclude>
    <ClInclude Include="client\snd_loc.h">
      <Filter>Header Files</Filter>
    </ClInclude>
    <ClInclude Include="client\sound.h">
      <Filter>Header Files</Filter>
    </ClInclude>
    <ClInclude Include="win32\winquake.h">
      <Filter>Header Files</Filter>
    </ClInclude>
    <ClInclude Include="ref_gl\qgl.h">
      <Filter>Header Files</Filter>
    </ClInclude>
    <ClInclude Include="ref_gl\gl_model.h">
      <Filter>Header Files</Filter>
    </ClInclude>
    <ClInclude Include="ref_gl\gl_local.h">
      <Filter>Header Files</Filter>
    </ClInclude>
  </ItemGroup>
  <ItemGroup>
    <Image Include="win32\q2.ico">
      <Filter>Resource Files</Filter>
    </Image>
  </ItemGroup>
  <ItemGroup>
    <ResourceCompile Include="win32\q2.rc">
      <Filter>Resource Files</Filter>
    </ResourceCompile>
  </ItemGroup>
</Project>