<?xml version="1.0" encoding="utf-8"?>
<Project ToolsVersion="4.0" xmlns="http://schemas.microsoft.com/developer/msbuild/2003">
  <ItemGroup>
    <Filter Include="Header Files">
      <UniqueIdentifier>{9c07898b-16b2-4312-9510-cc9b6c74a019}</UniqueIdentifier>
      <Extensions>h;hpp;hxx;hm;inl;fi;fd</Extensions>
    </Filter>
    <Filter Include="ref_gl">
      <UniqueIdentifier>{7811c0ab-facf-417a-95fb-4f4b844a4bec}</UniqueIdentifier>
      <Extensions>cpp;c;cxx;rc;def;r;odl;hpj;bat;for;f90</Extensions>
    </Filter>
  </ItemGroup>
  <ItemGroup>
    <ClCompile Include="gl_draw.c">
      <Filter>ref_gl</Filter>
    </ClCompile>
    <ClCompile Include="gl_image.c">
      <Filter>ref_gl</Filter>
    </ClCompile>
    <ClCompile Include="gl_light.c">
      <Filter>ref_gl</Filter>
    </ClCompile>
    <ClCompile Include="gl_mesh.c">
      <Filter>ref_gl</Filter>
    </ClCompile>
    <ClCompile Include="gl_model.c">
      <Filter>ref_gl</Filter>
    </ClCompile>
    <ClCompile Include="gl_rmain.c">
      <Filter>ref_gl</Filter>
    </ClCompile>
    <ClCompile Include="gl_rmisc.c">
      <Filter>ref_gl</Filter>
    </ClCompile>
    <ClCompile Include="gl_rsurf.c">
      <Filter>ref_gl</Filter>
    </ClCompile>
    <ClCompile Include="gl_warp.c">
      <Filter>ref_gl</Filter>
    </ClCompile>
    <ClCompile Include="..\game\q_shared.c">
      <Filter>ref_gl</Filter>
    </ClCompile>
    <ClCompile Include="..\win32\q_shwin.c">
      <Filter>ref_gl</Filter>
    </ClCompile>
  </ItemGroup>
  <ItemGroup>
    <ClInclude Include="anorms.h">
      <Filter>Header Files</Filter>
    </ClInclude>
    <ClInclude Include="anormtab.h">
      <Filter>Header Files</Filter>
    </ClInclude>
    <ClInclude Include="..\win32\glw_win.h">
      <Filter>Header Files</Filter>
    </ClInclude>
    <ClInclude Include="..\game\q_shared.h">
      <Filter>Header Files</Filter>
    </ClInclude>
    <ClInclude Include="..\qcommon\qcommon.h">
      <Filter>Header Files</Filter>
    </ClInclude>
    <ClInclude Include="..\qcommon\qfiles.h">
      <Filter>Header Files</Filter>
    </ClInclude>
    <ClInclude Include="qmenu.h">
      <Filter>Header Files</Filter>
    </ClInclude>
    <ClInclude Include="..\client\ref.h">
      <Filter>Header Files</Filter>
    </ClInclude>
    <ClInclude Include="ref_gl.h">
      <Filter>Header Files</Filter>
    </ClInclude>
    <ClInclude Include="warpsin.h">
      <Filter>Header Files</Filter>
    </ClInclude>
    <ClInclude Include="..\win32\winquake.h">
      <Filter>Header Files</Filter>
    </ClInclude>
  </ItemGroup>
</Project>